// !$*UTF8*$!
{
	archiveVersion = 1;
	classes = {
	};
	objectVersion = 46;
	objects = {

/* Begin PBXBuildFile section */
		6223713B1C50D65A00BE2EC4 /* ModelsConverter.h in Headers */ = {isa = PBXBuildFile; fileRef = 622371391C50D65A00BE2EC4 /* ModelsConverter.h */; settings = {ATTRIBUTES = (Public, ); }; };
		6223713C1C50D65A00BE2EC4 /* ModelsConverter.m in Sources */ = {isa = PBXBuildFile; fileRef = 6223713A1C50D65A00BE2EC4 /* ModelsConverter.m */; };
		622371401C50DBC400BE2EC4 /* testData.json in Resources */ = {isa = PBXBuildFile; fileRef = 6223713F1C50DBC400BE2EC4 /* testData.json */; };
		622371421C50DD5600BE2EC4 /* ConverterTests.m in Sources */ = {isa = PBXBuildFile; fileRef = 622371411C50DD5600BE2EC4 /* ConverterTests.m */; };
		6248D3421C4FF3B100023F57 /* StackOverflowSDK.h in Headers */ = {isa = PBXBuildFile; fileRef = 6248D3411C4FF3B100023F57 /* StackOverflowSDK.h */; settings = {ATTRIBUTES = (Public, ); }; };
		6248D3491C4FF3B100023F57 /* StackOverflowSDK.framework in Frameworks */ = {isa = PBXBuildFile; fileRef = 6248D33E1C4FF3B100023F57 /* StackOverflowSDK.framework */; };
		6248D35B1C50178C00023F57 /* Question.h in Headers */ = {isa = PBXBuildFile; fileRef = 6248D3591C50178C00023F57 /* Question.h */; settings = {ATTRIBUTES = (Public, ); }; };
		6248D35C1C50178C00023F57 /* Question.m in Sources */ = {isa = PBXBuildFile; fileRef = 6248D35A1C50178C00023F57 /* Question.m */; };
		6248D35E1C501AFC00023F57 /* SearchQueryDelegate.h in Headers */ = {isa = PBXBuildFile; fileRef = 6248D35D1C501AFC00023F57 /* SearchQueryDelegate.h */; settings = {ATTRIBUTES = (Public, ); }; };
		6248D3611C501C0300023F57 /* StackOverflowCommunicator.h in Headers */ = {isa = PBXBuildFile; fileRef = 6248D35F1C501C0300023F57 /* StackOverflowCommunicator.h */; settings = {ATTRIBUTES = (Public, ); }; };
		6248D3621C501C0300023F57 /* StackOverflowCommunicator.m in Sources */ = {isa = PBXBuildFile; fileRef = 6248D3601C501C0300023F57 /* StackOverflowCommunicator.m */; };
		624E1B4C1C51116D00E78533 /* StackOverflowCommunicatorTest.m in Sources */ = {isa = PBXBuildFile; fileRef = 6248D3631C501F9200023F57 /* StackOverflowCommunicatorTest.m */; };
		624E1B4F1C5117FF00E78533 /* User.h in Headers */ = {isa = PBXBuildFile; fileRef = 624E1B4D1C5117FF00E78533 /* User.h */; settings = {ATTRIBUTES = (Public, ); }; };
		624E1B501C5117FF00E78533 /* User.m in Sources */ = {isa = PBXBuildFile; fileRef = 624E1B4E1C5117FF00E78533 /* User.m */; };
		62A0C72F1C51F71D00DF645E /* PopularQuestionsDelegate.h in Headers */ = {isa = PBXBuildFile; fileRef = 62A0C72E1C51F71D00DF645E /* PopularQuestionsDelegate.h */; settings = {ATTRIBUTES = (Public, ); }; };
		62A0C7321C51FF1900DF645E /* StackOverflowManager.h in Headers */ = {isa = PBXBuildFile; fileRef = 62A0C7301C51FF1900DF645E /* StackOverflowManager.h */; settings = {ATTRIBUTES = (Public, ); }; };
		62A0C7331C51FF1900DF645E /* StackOverflowManager.m in Sources */ = {isa = PBXBuildFile; fileRef = 62A0C7311C51FF1900DF645E /* StackOverflowManager.m */; };
		62A0C7391C52018B00DF645E /* SearchDelegate.h in Headers */ = {isa = PBXBuildFile; fileRef = 62A0C7381C52018B00DF645E /* SearchDelegate.h */; settings = {ATTRIBUTES = (Public, ); }; };
		62A0C7441C5229C200DF645E /* ManagerTests.m in Sources */ = {isa = PBXBuildFile; fileRef = 62A0C7431C5229C200DF645E /* ManagerTests.m */; };
/* End PBXBuildFile section */

/* Begin PBXContainerItemProxy section */
		6248D34A1C4FF3B100023F57 /* PBXContainerItemProxy */ = {
			isa = PBXContainerItemProxy;
			containerPortal = 6248D3351C4FF3B100023F57 /* Project object */;
			proxyType = 1;
			remoteGlobalIDString = 6248D33D1C4FF3B100023F57;
			remoteInfo = StackOverflowSDK;
		};
/* End PBXContainerItemProxy section */

/* Begin PBXFileReference section */
		622371391C50D65A00BE2EC4 /* ModelsConverter.h */ = {isa = PBXFileReference; fileEncoding = 4; lastKnownFileType = sourcecode.c.h; path = ModelsConverter.h; sourceTree = "<group>"; };
		6223713A1C50D65A00BE2EC4 /* ModelsConverter.m */ = {isa = PBXFileReference; fileEncoding = 4; lastKnownFileType = sourcecode.c.objc; path = ModelsConverter.m; sourceTree = "<group>"; };
		6223713F1C50DBC400BE2EC4 /* testData.json */ = {isa = PBXFileReference; fileEncoding = 4; lastKnownFileType = text.json; path = testData.json; sourceTree = "<group>"; };
		622371411C50DD5600BE2EC4 /* ConverterTests.m */ = {isa = PBXFileReference; fileEncoding = 4; lastKnownFileType = sourcecode.c.objc; path = ConverterTests.m; sourceTree = "<group>"; };
		6248D33E1C4FF3B100023F57 /* StackOverflowSDK.framework */ = {isa = PBXFileReference; explicitFileType = wrapper.framework; includeInIndex = 0; path = StackOverflowSDK.framework; sourceTree = BUILT_PRODUCTS_DIR; };
		6248D3411C4FF3B100023F57 /* StackOverflowSDK.h */ = {isa = PBXFileReference; lastKnownFileType = sourcecode.c.h; path = StackOverflowSDK.h; sourceTree = "<group>"; };
		6248D3431C4FF3B100023F57 /* Info.plist */ = {isa = PBXFileReference; lastKnownFileType = text.plist.xml; path = Info.plist; sourceTree = "<group>"; };
		6248D3481C4FF3B100023F57 /* StackOverflowSDKTests.xctest */ = {isa = PBXFileReference; explicitFileType = wrapper.cfbundle; includeInIndex = 0; path = StackOverflowSDKTests.xctest; sourceTree = BUILT_PRODUCTS_DIR; };
		6248D34F1C4FF3B100023F57 /* Info.plist */ = {isa = PBXFileReference; lastKnownFileType = text.plist.xml; path = Info.plist; sourceTree = "<group>"; };
		6248D3591C50178C00023F57 /* Question.h */ = {isa = PBXFileReference; fileEncoding = 4; lastKnownFileType = sourcecode.c.h; path = Question.h; sourceTree = "<group>"; };
		6248D35A1C50178C00023F57 /* Question.m */ = {isa = PBXFileReference; fileEncoding = 4; lastKnownFileType = sourcecode.c.objc; path = Question.m; sourceTree = "<group>"; };
		6248D35D1C501AFC00023F57 /* SearchQueryDelegate.h */ = {isa = PBXFileReference; fileEncoding = 4; lastKnownFileType = sourcecode.c.h; path = SearchQueryDelegate.h; sourceTree = "<group>"; };
		6248D35F1C501C0300023F57 /* StackOverflowCommunicator.h */ = {isa = PBXFileReference; fileEncoding = 4; lastKnownFileType = sourcecode.c.h; path = StackOverflowCommunicator.h; sourceTree = "<group>"; };
		6248D3601C501C0300023F57 /* StackOverflowCommunicator.m */ = {isa = PBXFileReference; fileEncoding = 4; lastKnownFileType = sourcecode.c.objc; path = StackOverflowCommunicator.m; sourceTree = "<group>"; };
		6248D3631C501F9200023F57 /* StackOverflowCommunicatorTest.m */ = {isa = PBXFileReference; fileEncoding = 4; lastKnownFileType = sourcecode.c.objc; path = StackOverflowCommunicatorTest.m; sourceTree = "<group>"; };
		624E1B4D1C5117FF00E78533 /* User.h */ = {isa = PBXFileReference; fileEncoding = 4; lastKnownFileType = sourcecode.c.h; path = User.h; sourceTree = "<group>"; };
		624E1B4E1C5117FF00E78533 /* User.m */ = {isa = PBXFileReference; fileEncoding = 4; lastKnownFileType = sourcecode.c.objc; path = User.m; sourceTree = "<group>"; };
		62A0C72E1C51F71D00DF645E /* PopularQuestionsDelegate.h */ = {isa = PBXFileReference; fileEncoding = 4; lastKnownFileType = sourcecode.c.h; path = PopularQuestionsDelegate.h; sourceTree = "<group>"; };
		62A0C7301C51FF1900DF645E /* StackOverflowManager.h */ = {isa = PBXFileReference; fileEncoding = 4; lastKnownFileType = sourcecode.c.h; path = StackOverflowManager.h; sourceTree = "<group>"; };
		62A0C7311C51FF1900DF645E /* StackOverflowManager.m */ = {isa = PBXFileReference; fileEncoding = 4; lastKnownFileType = sourcecode.c.objc; path = StackOverflowManager.m; sourceTree = "<group>"; };
		62A0C7381C52018B00DF645E /* SearchDelegate.h */ = {isa = PBXFileReference; fileEncoding = 4; lastKnownFileType = sourcecode.c.h; path = SearchDelegate.h; sourceTree = "<group>"; };
		62A0C7431C5229C200DF645E /* ManagerTests.m */ = {isa = PBXFileReference; fileEncoding = 4; lastKnownFileType = sourcecode.c.objc; path = ManagerTests.m; sourceTree = "<group>"; };
		62A0C7451C522BBB00DF645E /* build-framework.sh */ = {isa = PBXFileReference; lastKnownFileType = text.script.sh; path = "build-framework.sh"; sourceTree = "<group>"; };
/* End PBXFileReference section */

/* Begin PBXFrameworksBuildPhase section */
		6248D33A1C4FF3B100023F57 /* Frameworks */ = {
			isa = PBXFrameworksBuildPhase;
			buildActionMask = 2147483647;
			files = (
			);
			runOnlyForDeploymentPostprocessing = 0;
		};
		6248D3451C4FF3B100023F57 /* Frameworks */ = {
			isa = PBXFrameworksBuildPhase;
			buildActionMask = 2147483647;
			files = (
				6248D3491C4FF3B100023F57 /* StackOverflowSDK.framework in Frameworks */,
			);
			runOnlyForDeploymentPostprocessing = 0;
		};
/* End PBXFrameworksBuildPhase section */

/* Begin PBXGroup section */
		6248D3341C4FF3B100023F57 = {
			isa = PBXGroup;
			children = (
				62A0C7451C522BBB00DF645E /* build-framework.sh */,
				6248D3401C4FF3B100023F57 /* StackOverflowSDK */,
				6248D34C1C4FF3B100023F57 /* StackOverflowSDKTests */,
				6248D33F1C4FF3B100023F57 /* Products */,
			);
			sourceTree = "<group>";
		};
		6248D33F1C4FF3B100023F57 /* Products */ = {
			isa = PBXGroup;
			children = (
				6248D33E1C4FF3B100023F57 /* StackOverflowSDK.framework */,
				6248D3481C4FF3B100023F57 /* StackOverflowSDKTests.xctest */,
			);
			name = Products;
			sourceTree = "<group>";
		};
		6248D3401C4FF3B100023F57 /* StackOverflowSDK */ = {
			isa = PBXGroup;
			children = (
				62A0C7291C51F6C000DF645E /* Communication */,
				6248D3581C50169800023F57 /* Models */,
				6248D3411C4FF3B100023F57 /* StackOverflowSDK.h */,
				6248D3431C4FF3B100023F57 /* Info.plist */,
				62A0C7301C51FF1900DF645E /* StackOverflowManager.h */,
				62A0C7311C51FF1900DF645E /* StackOverflowManager.m */,
				62A0C7381C52018B00DF645E /* SearchDelegate.h */,
			);
			path = StackOverflowSDK;
			sourceTree = "<group>";
		};
		6248D34C1C4FF3B100023F57 /* StackOverflowSDKTests */ = {
			isa = PBXGroup;
			children = (
				6248D34F1C4FF3B100023F57 /* Info.plist */,
				6248D3631C501F9200023F57 /* StackOverflowCommunicatorTest.m */,
				6223713F1C50DBC400BE2EC4 /* testData.json */,
				622371411C50DD5600BE2EC4 /* ConverterTests.m */,
				62A0C7431C5229C200DF645E /* ManagerTests.m */,
			);
			path = StackOverflowSDKTests;
			sourceTree = "<group>";
		};
		6248D3581C50169800023F57 /* Models */ = {
			isa = PBXGroup;
			children = (
				6248D3591C50178C00023F57 /* Question.h */,
				6248D35A1C50178C00023F57 /* Question.m */,
				622371391C50D65A00BE2EC4 /* ModelsConverter.h */,
				6223713A1C50D65A00BE2EC4 /* ModelsConverter.m */,
				624E1B4D1C5117FF00E78533 /* User.h */,
				624E1B4E1C5117FF00E78533 /* User.m */,
			);
			name = Models;
			sourceTree = "<group>";
		};
		62A0C7291C51F6C000DF645E /* Communication */ = {
			isa = PBXGroup;
			children = (
				6248D35D1C501AFC00023F57 /* SearchQueryDelegate.h */,
				62A0C72E1C51F71D00DF645E /* PopularQuestionsDelegate.h */,
				6248D35F1C501C0300023F57 /* StackOverflowCommunicator.h */,
				6248D3601C501C0300023F57 /* StackOverflowCommunicator.m */,
			);
			name = Communication;
			sourceTree = "<group>";
		};
/* End PBXGroup section */

/* Begin PBXHeadersBuildPhase section */
		6248D33B1C4FF3B100023F57 /* Headers */ = {
			isa = PBXHeadersBuildPhase;
			buildActionMask = 2147483647;
			files = (
				6248D35B1C50178C00023F57 /* Question.h in Headers */,
				6248D3611C501C0300023F57 /* StackOverflowCommunicator.h in Headers */,
				62A0C7391C52018B00DF645E /* SearchDelegate.h in Headers */,
				62A0C7321C51FF1900DF645E /* StackOverflowManager.h in Headers */,
				6223713B1C50D65A00BE2EC4 /* ModelsConverter.h in Headers */,
				624E1B4F1C5117FF00E78533 /* User.h in Headers */,
				6248D35E1C501AFC00023F57 /* SearchQueryDelegate.h in Headers */,
				62A0C72F1C51F71D00DF645E /* PopularQuestionsDelegate.h in Headers */,
				6248D3421C4FF3B100023F57 /* StackOverflowSDK.h in Headers */,
			);
			runOnlyForDeploymentPostprocessing = 0;
		};
/* End PBXHeadersBuildPhase section */

/* Begin PBXNativeTarget section */
		6248D33D1C4FF3B100023F57 /* StackOverflowSDK */ = {
			isa = PBXNativeTarget;
			buildConfigurationList = 6248D3521C4FF3B100023F57 /* Build configuration list for PBXNativeTarget "StackOverflowSDK" */;
			buildPhases = (
				6248D3391C4FF3B100023F57 /* Sources */,
				6248D33A1C4FF3B100023F57 /* Frameworks */,
				6248D33B1C4FF3B100023F57 /* Headers */,
				6248D33C1C4FF3B100023F57 /* Resources */,
			);
			buildRules = (
			);
			dependencies = (
			);
			name = StackOverflowSDK;
			productName = StackOverflowSDK;
			productReference = 6248D33E1C4FF3B100023F57 /* StackOverflowSDK.framework */;
			productType = "com.apple.product-type.framework";
		};
		6248D3471C4FF3B100023F57 /* StackOverflowSDKTests */ = {
			isa = PBXNativeTarget;
			buildConfigurationList = 6248D3551C4FF3B100023F57 /* Build configuration list for PBXNativeTarget "StackOverflowSDKTests" */;
			buildPhases = (
				6248D3441C4FF3B100023F57 /* Sources */,
				6248D3451C4FF3B100023F57 /* Frameworks */,
				6248D3461C4FF3B100023F57 /* Resources */,
			);
			buildRules = (
			);
			dependencies = (
				6248D34B1C4FF3B100023F57 /* PBXTargetDependency */,
			);
			name = StackOverflowSDKTests;
			productName = StackOverflowSDKTests;
			productReference = 6248D3481C4FF3B100023F57 /* StackOverflowSDKTests.xctest */;
			productType = "com.apple.product-type.bundle.unit-test";
		};
/* End PBXNativeTarget section */

/* Begin PBXProject section */
		6248D3351C4FF3B100023F57 /* Project object */ = {
			isa = PBXProject;
			attributes = {
				LastUpgradeCheck = 0720;
				ORGANIZATIONNAME = "Igor Nabokov";
				TargetAttributes = {
					6248D33D1C4FF3B100023F57 = {
						CreatedOnToolsVersion = 7.2;
					};
					6248D3471C4FF3B100023F57 = {
						CreatedOnToolsVersion = 7.2;
					};
				};
			};
			buildConfigurationList = 6248D3381C4FF3B100023F57 /* Build configuration list for PBXProject "StackOverflowSDK" */;
			compatibilityVersion = "Xcode 3.2";
			developmentRegion = English;
			hasScannedForEncodings = 0;
			knownRegions = (
				en,
			);
			mainGroup = 6248D3341C4FF3B100023F57;
			productRefGroup = 6248D33F1C4FF3B100023F57 /* Products */;
			projectDirPath = "";
			projectRoot = "";
			targets = (
				6248D33D1C4FF3B100023F57 /* StackOverflowSDK */,
				6248D3471C4FF3B100023F57 /* StackOverflowSDKTests */,
			);
		};
/* End PBXProject section */

/* Begin PBXResourcesBuildPhase section */
		6248D33C1C4FF3B100023F57 /* Resources */ = {
			isa = PBXResourcesBuildPhase;
			buildActionMask = 2147483647;
			files = (
			);
			runOnlyForDeploymentPostprocessing = 0;
		};
		6248D3461C4FF3B100023F57 /* Resources */ = {
			isa = PBXResourcesBuildPhase;
			buildActionMask = 2147483647;
			files = (
				622371401C50DBC400BE2EC4 /* testData.json in Resources */,
			);
			runOnlyForDeploymentPostprocessing = 0;
		};
/* End PBXResourcesBuildPhase section */

/* Begin PBXSourcesBuildPhase section */
		6248D3391C4FF3B100023F57 /* Sources */ = {
			isa = PBXSourcesBuildPhase;
			buildActionMask = 2147483647;
			files = (
				624E1B501C5117FF00E78533 /* User.m in Sources */,
				62A0C7331C51FF1900DF645E /* StackOverflowManager.m in Sources */,
				6223713C1C50D65A00BE2EC4 /* ModelsConverter.m in Sources */,
				6248D35C1C50178C00023F57 /* Question.m in Sources */,
				6248D3621C501C0300023F57 /* StackOverflowCommunicator.m in Sources */,
			);
			runOnlyForDeploymentPostprocessing = 0;
		};
		6248D3441C4FF3B100023F57 /* Sources */ = {
			isa = PBXSourcesBuildPhase;
			buildActionMask = 2147483647;
			files = (
				624E1B4C1C51116D00E78533 /* StackOverflowCommunicatorTest.m in Sources */,
				62A0C7441C5229C200DF645E /* ManagerTests.m in Sources */,
				622371421C50DD5600BE2EC4 /* ConverterTests.m in Sources */,
			);
			runOnlyForDeploymentPostprocessing = 0;
		};
/* End PBXSourcesBuildPhase section */

/* Begin PBXTargetDependency section */
		6248D34B1C4FF3B100023F57 /* PBXTargetDependency */ = {
			isa = PBXTargetDependency;
			target = 6248D33D1C4FF3B100023F57 /* StackOverflowSDK */;
			targetProxy = 6248D34A1C4FF3B100023F57 /* PBXContainerItemProxy */;
		};
/* End PBXTargetDependency section */

/* Begin XCBuildConfiguration section */
		6248D3501C4FF3B100023F57 /* Debug */ = {
			isa = XCBuildConfiguration;
			buildSettings = {
				ALWAYS_SEARCH_USER_PATHS = NO;
				CLANG_CXX_LANGUAGE_STANDARD = "gnu++0x";
				CLANG_CXX_LIBRARY = "libc++";
				CLANG_ENABLE_MODULES = YES;
				CLANG_ENABLE_OBJC_ARC = YES;
				CLANG_WARN_BOOL_CONVERSION = YES;
				CLANG_WARN_CONSTANT_CONVERSION = YES;
				CLANG_WARN_DIRECT_OBJC_ISA_USAGE = YES_ERROR;
				CLANG_WARN_EMPTY_BODY = YES;
				CLANG_WARN_ENUM_CONVERSION = YES;
				CLANG_WARN_INT_CONVERSION = YES;
				CLANG_WARN_OBJC_ROOT_CLASS = YES_ERROR;
				CLANG_WARN_UNREACHABLE_CODE = YES;
				CLANG_WARN__DUPLICATE_METHOD_MATCH = YES;
				"CODE_SIGN_IDENTITY[sdk=iphoneos*]" = "iPhone Developer";
				COPY_PHASE_STRIP = NO;
				CURRENT_PROJECT_VERSION = 1;
				DEBUG_INFORMATION_FORMAT = dwarf;
				ENABLE_STRICT_OBJC_MSGSEND = YES;
				ENABLE_TESTABILITY = YES;
				GCC_C_LANGUAGE_STANDARD = gnu99;
				GCC_DYNAMIC_NO_PIC = NO;
				GCC_NO_COMMON_BLOCKS = YES;
				GCC_OPTIMIZATION_LEVEL = 0;
				GCC_PREPROCESSOR_DEFINITIONS = (
					"DEBUG=1",
					"$(inherited)",
				);
				GCC_WARN_64_TO_32_BIT_CONVERSION = YES;
				GCC_WARN_ABOUT_RETURN_TYPE = YES_ERROR;
				GCC_WARN_UNDECLARED_SELECTOR = YES;
				GCC_WARN_UNINITIALIZED_AUTOS = YES_AGGRESSIVE;
				GCC_WARN_UNUSED_FUNCTION = YES;
				GCC_WARN_UNUSED_VARIABLE = YES;
				IPHONEOS_DEPLOYMENT_TARGET = 8.1;
				MTL_ENABLE_DEBUG_INFO = YES;
				ONLY_ACTIVE_ARCH = YES;
				SDKROOT = iphoneos;
				TARGETED_DEVICE_FAMILY = "1,2";
				VERSIONING_SYSTEM = "apple-generic";
				VERSION_INFO_PREFIX = "";
			};
			name = Debug;
		};
		6248D3511C4FF3B100023F57 /* Release */ = {
			isa = XCBuildConfiguration;
			buildSettings = {
				ALWAYS_SEARCH_USER_PATHS = NO;
				CLANG_CXX_LANGUAGE_STANDARD = "gnu++0x";
				CLANG_CXX_LIBRARY = "libc++";
				CLANG_ENABLE_MODULES = YES;
				CLANG_ENABLE_OBJC_ARC = YES;
				CLANG_WARN_BOOL_CONVERSION = YES;
				CLANG_WARN_CONSTANT_CONVERSION = YES;
				CLANG_WARN_DIRECT_OBJC_ISA_USAGE = YES_ERROR;
				CLANG_WARN_EMPTY_BODY = YES;
				CLANG_WARN_ENUM_CONVERSION = YES;
				CLANG_WARN_INT_CONVERSION = YES;
				CLANG_WARN_OBJC_ROOT_CLASS = YES_ERROR;
				CLANG_WARN_UNREACHABLE_CODE = YES;
				CLANG_WARN__DUPLICATE_METHOD_MATCH = YES;
				"CODE_SIGN_IDENTITY[sdk=iphoneos*]" = "iPhone Developer";
				COPY_PHASE_STRIP = NO;
				CURRENT_PROJECT_VERSION = 1;
				DEBUG_INFORMATION_FORMAT = "dwarf-with-dsym";
				ENABLE_NS_ASSERTIONS = NO;
				ENABLE_STRICT_OBJC_MSGSEND = YES;
				GCC_C_LANGUAGE_STANDARD = gnu99;
				GCC_NO_COMMON_BLOCKS = YES;
				GCC_WARN_64_TO_32_BIT_CONVERSION = YES;
				GCC_WARN_ABOUT_RETURN_TYPE = YES_ERROR;
				GCC_WARN_UNDECLARED_SELECTOR = YES;
				GCC_WARN_UNINITIALIZED_AUTOS = YES_AGGRESSIVE;
				GCC_WARN_UNUSED_FUNCTION = YES;
				GCC_WARN_UNUSED_VARIABLE = YES;
				IPHONEOS_DEPLOYMENT_TARGET = 8.1;
				MTL_ENABLE_DEBUG_INFO = NO;
				SDKROOT = iphoneos;
				TARGETED_DEVICE_FAMILY = "1,2";
				VALIDATE_PRODUCT = YES;
				VERSIONING_SYSTEM = "apple-generic";
				VERSION_INFO_PREFIX = "";
			};
			name = Release;
		};
		6248D3531C4FF3B100023F57 /* Debug */ = {
			isa = XCBuildConfiguration;
			buildSettings = {
				DEFINES_MODULE = YES;
				DYLIB_COMPATIBILITY_VERSION = 1;
				DYLIB_CURRENT_VERSION = 1;
				DYLIB_INSTALL_NAME_BASE = "@rpath";
				INFOPLIST_FILE = StackOverflowSDK/Info.plist;
				INSTALL_PATH = "$(PROJECT_DIR)/build";
				IPHONEOS_DEPLOYMENT_TARGET = 8.0;
				LD_RUNPATH_SEARCH_PATHS = "$(inherited) @executable_path/Frameworks @loader_path/Frameworks";
				ONLY_ACTIVE_ARCH = NO;
				PRODUCT_BUNDLE_IDENTIFIER = com.slimski.StackOverflowSDK;
				PRODUCT_NAME = "$(TARGET_NAME)";
				SKIP_INSTALL = YES;
			};
			name = Debug;
		};
		6248D3541C4FF3B100023F57 /* Release */ = {
			isa = XCBuildConfiguration;
			buildSettings = {
				DEFINES_MODULE = YES;
				DYLIB_COMPATIBILITY_VERSION = 1;
				DYLIB_CURRENT_VERSION = 1;
				DYLIB_INSTALL_NAME_BASE = "@rpath";
				INFOPLIST_FILE = StackOverflowSDK/Info.plist;
				INSTALL_PATH = "$(PROJECT_DIR)/build";
				IPHONEOS_DEPLOYMENT_TARGET = 8.0;
				LD_RUNPATH_SEARCH_PATHS = "$(inherited) @executable_path/Frameworks @loader_path/Frameworks";
				PRODUCT_BUNDLE_IDENTIFIER = com.slimski.StackOverflowSDK;
				PRODUCT_NAME = "$(TARGET_NAME)";
				SKIP_INSTALL = YES;
			};
			name = Release;
		};
		6248D3561C4FF3B100023F57 /* Debug */ = {
			isa = XCBuildConfiguration;
			buildSettings = {
				INFOPLIST_FILE = StackOverflowSDKTests/Info.plist;
				LD_RUNPATH_SEARCH_PATHS = "$(inherited) @executable_path/Frameworks @loader_path/Frameworks";
				PRODUCT_BUNDLE_IDENTIFIER = com.slimski.StackOverflowSDKTests;
				PRODUCT_NAME = "$(TARGET_NAME)";
			};
			name = Debug;
		};
		6248D3571C4FF3B100023F57 /* Release */ = {
			isa = XCBuildConfiguration;
			buildSettings = {
				INFOPLIST_FILE = StackOverflowSDKTests/Info.plist;
				LD_RUNPATH_SEARCH_PATHS = "$(inherited) @executable_path/Frameworks @loader_path/Frameworks";
				PRODUCT_BUNDLE_IDENTIFIER = com.slimski.StackOverflowSDKTests;
				PRODUCT_NAME = "$(TARGET_NAME)";
			};
			name = Release;
		};
/* End XCBuildConfiguration section */

/* Begin XCConfigurationList section */
		6248D3381C4FF3B100023F57 /* Build configuration list for PBXProject "StackOverflowSDK" */ = {
			isa = XCConfigurationList;
			buildConfigurations = (
				6248D3501C4FF3B100023F57 /* Debug */,
				6248D3511C4FF3B100023F57 /* Release */,
			);
			defaultConfigurationIsVisible = 0;
			defaultConfigurationName = Release;
		};
		6248D3521C4FF3B100023F57 /* Build configuration list for PBXNativeTarget "StackOverflowSDK" */ = {
			isa = XCConfigurationList;
			buildConfigurations = (
				6248D3531C4FF3B100023F57 /* Debug */,
				6248D3541C4FF3B100023F57 /* Release */,
			);
			defaultConfigurationIsVisible = 0;
			defaultConfigurationName = Release;
		};
		6248D3551C4FF3B100023F57 /* Build configuration list for PBXNativeTarget "StackOverflowSDKTests" */ = {
			isa = XCConfigurationList;
			buildConfigurations = (
				6248D3561C4FF3B100023F57 /* Debug */,
				6248D3571C4FF3B100023F57 /* Release */,
			);
			defaultConfigurationIsVisible = 0;
			defaultConfigurationName = Release;
		};
/* End XCConfigurationList section */
	};
	rootObject = 6248D3351C4FF3B100023F57 /* Project object */;
}
